// !$*UTF8*$!
{
	archiveVersion = 1;
	classes = {
	};
	objectVersion = 56;
	objects = {

/* Begin PBXBuildFile section */
		A23A4F402C56A18800D41431 /* InteractiveImageView.swift in Sources */ = {isa = PBXBuildFile; fileRef = A23A4F3F2C56A18800D41431 /* InteractiveImageView.swift */; };
		A27926D22C51373C009BA334 /* AppDelegate.swift in Sources */ = {isa = PBXBuildFile; fileRef = A27926D12C51373C009BA334 /* AppDelegate.swift */; };
		A27926D42C51373C009BA334 /* SceneDelegate.swift in Sources */ = {isa = PBXBuildFile; fileRef = A27926D32C51373C009BA334 /* SceneDelegate.swift */; };
		A27926DB2C51373E009BA334 /* Assets.xcassets in Resources */ = {isa = PBXBuildFile; fileRef = A27926DA2C51373E009BA334 /* Assets.xcassets */; };
		A27926DE2C51373E009BA334 /* Base in Resources */ = {isa = PBXBuildFile; fileRef = A27926DD2C51373E009BA334 /* Base */; };
		A27926EA2C516F26009BA334 /* MainViewController.swift in Sources */ = {isa = PBXBuildFile; fileRef = A27926E82C516F26009BA334 /* MainViewController.swift */; };
		A27926EB2C516F26009BA334 /* MainViewController.xib in Resources */ = {isa = PBXBuildFile; fileRef = A27926E92C516F26009BA334 /* MainViewController.xib */; };
		A27926ED2C516F6B009BA334 /* MainViewModel.swift in Sources */ = {isa = PBXBuildFile; fileRef = A27926EC2C516F6B009BA334 /* MainViewModel.swift */; };
		A27926F12C516FAC009BA334 /* SettingsViewController.swift in Sources */ = {isa = PBXBuildFile; fileRef = A27926EF2C516FAC009BA334 /* SettingsViewController.swift */; };
		A27926F22C516FAC009BA334 /* SettingsViewController.xib in Resources */ = {isa = PBXBuildFile; fileRef = A27926F02C516FAC009BA334 /* SettingsViewController.xib */; };
		A27926F42C516FD3009BA334 /* SettingsViewModel.swift in Sources */ = {isa = PBXBuildFile; fileRef = A27926F32C516FD3009BA334 /* SettingsViewModel.swift */; };
		A2DCD6862C52A22E00DFB9E3 /* UIImage+Ext.swift in Sources */ = {isa = PBXBuildFile; fileRef = A2DCD6852C52A22E00DFB9E3 /* UIImage+Ext.swift */; };
/* End PBXBuildFile section */

/* Begin PBXFileReference section */
		A23A4F3F2C56A18800D41431 /* InteractiveImageView.swift */ = {isa = PBXFileReference; lastKnownFileType = sourcecode.swift; path = InteractiveImageView.swift; sourceTree = "<group>"; };
		A27926CE2C51373C009BA334 /* PhotoResizer.app */ = {isa = PBXFileReference; explicitFileType = wrapper.application; includeInIndex = 0; path = PhotoResizer.app; sourceTree = BUILT_PRODUCTS_DIR; };
		A27926D12C51373C009BA334 /* AppDelegate.swift */ = {isa = PBXFileReference; lastKnownFileType = sourcecode.swift; path = AppDelegate.swift; sourceTree = "<group>"; };
		A27926D32C51373C009BA334 /* SceneDelegate.swift */ = {isa = PBXFileReference; lastKnownFileType = sourcecode.swift; path = SceneDelegate.swift; sourceTree = "<group>"; };
		A27926DA2C51373E009BA334 /* Assets.xcassets */ = {isa = PBXFileReference; lastKnownFileType = folder.assetcatalog; path = Assets.xcassets; sourceTree = "<group>"; };
		A27926DD2C51373E009BA334 /* Base */ = {isa = PBXFileReference; lastKnownFileType = file.storyboard; name = Base; path = Base.lproj/LaunchScreen.storyboard; sourceTree = "<group>"; };
		A27926DF2C51373E009BA334 /* Info.plist */ = {isa = PBXFileReference; lastKnownFileType = text.plist.xml; path = Info.plist; sourceTree = "<group>"; };
		A27926E82C516F26009BA334 /* MainViewController.swift */ = {isa = PBXFileReference; lastKnownFileType = sourcecode.swift; path = MainViewController.swift; sourceTree = "<group>"; };
		A27926E92C516F26009BA334 /* MainViewController.xib */ = {isa = PBXFileReference; lastKnownFileType = file.xib; path = MainViewController.xib; sourceTree = "<group>"; };
		A27926EC2C516F6B009BA334 /* MainViewModel.swift */ = {isa = PBXFileReference; lastKnownFileType = sourcecode.swift; path = MainViewModel.swift; sourceTree = "<group>"; };
		A27926EF2C516FAC009BA334 /* SettingsViewController.swift */ = {isa = PBXFileReference; lastKnownFileType = sourcecode.swift; path = SettingsViewController.swift; sourceTree = "<group>"; };
		A27926F02C516FAC009BA334 /* SettingsViewController.xib */ = {isa = PBXFileReference; lastKnownFileType = file.xib; path = SettingsViewController.xib; sourceTree = "<group>"; };
		A27926F32C516FD3009BA334 /* SettingsViewModel.swift */ = {isa = PBXFileReference; lastKnownFileType = sourcecode.swift; path = SettingsViewModel.swift; sourceTree = "<group>"; };
		A2DCD6852C52A22E00DFB9E3 /* UIImage+Ext.swift */ = {isa = PBXFileReference; lastKnownFileType = sourcecode.swift; path = "UIImage+Ext.swift"; sourceTree = "<group>"; };
/* End PBXFileReference section */

/* Begin PBXFrameworksBuildPhase section */
		A27926CB2C51373C009BA334 /* Frameworks */ = {
			isa = PBXFrameworksBuildPhase;
			buildActionMask = 2147483647;
			files = (
			);
			runOnlyForDeploymentPostprocessing = 0;
		};
/* End PBXFrameworksBuildPhase section */

/* Begin PBXGroup section */
		A23A4F3E2C56A0AA00D41431 /* UI Elements */ = {
			isa = PBXGroup;
			children = (
				A23A4F3F2C56A18800D41431 /* InteractiveImageView.swift */,
			);
			path = "UI Elements";
			sourceTree = "<group>";
		};
		A27926C52C51373C009BA334 = {
			isa = PBXGroup;
			children = (
				A27926D02C51373C009BA334 /* PhotoResizer */,
				A27926CF2C51373C009BA334 /* Products */,
			);
			sourceTree = "<group>";
		};
		A27926CF2C51373C009BA334 /* Products */ = {
			isa = PBXGroup;
			children = (
				A27926CE2C51373C009BA334 /* PhotoResizer.app */,
			);
			name = Products;
			sourceTree = "<group>";
		};
		A27926D02C51373C009BA334 /* PhotoResizer */ = {
			isa = PBXGroup;
			children = (
				A27926E62C516EFD009BA334 /* App */,
				A2DCD6842C52A21600DFB9E3 /* Extensions */,
				A27926E52C516EF0009BA334 /* Scenes */,
				A23A4F3E2C56A0AA00D41431 /* UI Elements */,
				A2DCD6832C529F3A00DFB9E3 /* Resources */,
			);
			path = PhotoResizer;
			sourceTree = "<group>";
		};
		A27926E52C516EF0009BA334 /* Scenes */ = {
			isa = PBXGroup;
			children = (
				A27926E72C516F08009BA334 /* Main scene */,
				A27926EE2C516F94009BA334 /* Settings Scene */,
			);
			path = Scenes;
			sourceTree = "<group>";
		};
		A27926E62C516EFD009BA334 /* App */ = {
			isa = PBXGroup;
			children = (
				A27926DC2C51373E009BA334 /* LaunchScreen.storyboard */,
				A27926D12C51373C009BA334 /* AppDelegate.swift */,
				A27926D32C51373C009BA334 /* SceneDelegate.swift */,
				A27926DF2C51373E009BA334 /* Info.plist */,
			);
			path = App;
			sourceTree = "<group>";
		};
		A27926E72C516F08009BA334 /* Main scene */ = {
			isa = PBXGroup;
			children = (
				A27926E82C516F26009BA334 /* MainViewController.swift */,
				A27926E92C516F26009BA334 /* MainViewController.xib */,
				A27926EC2C516F6B009BA334 /* MainViewModel.swift */,
			);
			path = "Main scene";
			sourceTree = "<group>";
		};
		A27926EE2C516F94009BA334 /* Settings Scene */ = {
			isa = PBXGroup;
			children = (
				A27926EF2C516FAC009BA334 /* SettingsViewController.swift */,
				A27926F02C516FAC009BA334 /* SettingsViewController.xib */,
				A27926F32C516FD3009BA334 /* SettingsViewModel.swift */,
			);
			path = "Settings Scene";
			sourceTree = "<group>";
		};
		A2DCD6832C529F3A00DFB9E3 /* Resources */ = {
			isa = PBXGroup;
			children = (
				A27926DA2C51373E009BA334 /* Assets.xcassets */,
			);
			path = Resources;
			sourceTree = "<group>";
		};
		A2DCD6842C52A21600DFB9E3 /* Extensions */ = {
			isa = PBXGroup;
			children = (
				A2DCD6852C52A22E00DFB9E3 /* UIImage+Ext.swift */,
			);
			path = Extensions;
			sourceTree = "<group>";
		};
/* End PBXGroup section */

/* Begin PBXNativeTarget section */
		A27926CD2C51373C009BA334 /* PhotoResizer */ = {
			isa = PBXNativeTarget;
			buildConfigurationList = A27926E22C51373E009BA334 /* Build configuration list for PBXNativeTarget "PhotoResizer" */;
			buildPhases = (
				A27926CA2C51373C009BA334 /* Sources */,
				A27926CB2C51373C009BA334 /* Frameworks */,
				A27926CC2C51373C009BA334 /* Resources */,
			);
			buildRules = (
			);
			dependencies = (
			);
			name = PhotoResizer;
			productName = PhotoResizer;
			productReference = A27926CE2C51373C009BA334 /* PhotoResizer.app */;
			productType = "com.apple.product-type.application";
		};
/* End PBXNativeTarget section */

/* Begin PBXProject section */
		A27926C62C51373C009BA334 /* Project object */ = {
			isa = PBXProject;
			attributes = {
				BuildIndependentTargetsInParallel = 1;
				LastSwiftUpdateCheck = 1540;
				LastUpgradeCheck = 1540;
				TargetAttributes = {
					A27926CD2C51373C009BA334 = {
						CreatedOnToolsVersion = 15.4;
					};
				};
			};
			buildConfigurationList = A27926C92C51373C009BA334 /* Build configuration list for PBXProject "PhotoResizer" */;
			compatibilityVersion = "Xcode 14.0";
			developmentRegion = en;
			hasScannedForEncodings = 0;
			knownRegions = (
				en,
				Base,
			);
			mainGroup = A27926C52C51373C009BA334;
			productRefGroup = A27926CF2C51373C009BA334 /* Products */;
			projectDirPath = "";
			projectRoot = "";
			targets = (
				A27926CD2C51373C009BA334 /* PhotoResizer */,
			);
		};
/* End PBXProject section */

/* Begin PBXResourcesBuildPhase section */
		A27926CC2C51373C009BA334 /* Resources */ = {
			isa = PBXResourcesBuildPhase;
			buildActionMask = 2147483647;
			files = (
				A27926DB2C51373E009BA334 /* Assets.xcassets in Resources */,
				A27926DE2C51373E009BA334 /* Base in Resources */,
				A27926EB2C516F26009BA334 /* MainViewController.xib in Resources */,
				A27926F22C516FAC009BA334 /* SettingsViewController.xib in Resources */,
			);
			runOnlyForDeploymentPostprocessing = 0;
		};
/* End PBXResourcesBuildPhase section */

/* Begin PBXSourcesBuildPhase section */
		A27926CA2C51373C009BA334 /* Sources */ = {
			isa = PBXSourcesBuildPhase;
			buildActionMask = 2147483647;
			files = (
				A2DCD6862C52A22E00DFB9E3 /* UIImage+Ext.swift in Sources */,
				A23A4F402C56A18800D41431 /* InteractiveImageView.swift in Sources */,
				A27926ED2C516F6B009BA334 /* MainViewModel.swift in Sources */,
				A27926D22C51373C009BA334 /* AppDelegate.swift in Sources */,
				A27926D42C51373C009BA334 /* SceneDelegate.swift in Sources */,
				A27926EA2C516F26009BA334 /* MainViewController.swift in Sources */,
				A27926F12C516FAC009BA334 /* SettingsViewController.swift in Sources */,
				A27926F42C516FD3009BA334 /* SettingsViewModel.swift in Sources */,
			);
			runOnlyForDeploymentPostprocessing = 0;
		};
/* End PBXSourcesBuildPhase section */

/* Begin PBXVariantGroup section */
		A27926DC2C51373E009BA334 /* LaunchScreen.storyboard */ = {
			isa = PBXVariantGroup;
			children = (
				A27926DD2C51373E009BA334 /* Base */,
			);
			name = LaunchScreen.storyboard;
			sourceTree = "<group>";
		};
/* End PBXVariantGroup section */

/* Begin XCBuildConfiguration section */
		A27926E02C51373E009BA334 /* Debug */ = {
			isa = XCBuildConfiguration;
			buildSettings = {
				ALWAYS_SEARCH_USER_PATHS = NO;
				ASSETCATALOG_COMPILER_GENERATE_SWIFT_ASSET_SYMBOL_EXTENSIONS = YES;
				CLANG_ANALYZER_NONNULL = YES;
				CLANG_ANALYZER_NUMBER_OBJECT_CONVERSION = YES_AGGRESSIVE;
				CLANG_CXX_LANGUAGE_STANDARD = "gnu++20";
				CLANG_ENABLE_MODULES = YES;
				CLANG_ENABLE_OBJC_ARC = YES;
				CLANG_ENABLE_OBJC_WEAK = YES;
				CLANG_WARN_BLOCK_CAPTURE_AUTORELEASING = YES;
				CLANG_WARN_BOOL_CONVERSION = YES;
				CLANG_WARN_COMMA = YES;
				CLANG_WARN_CONSTANT_CONVERSION = YES;
				CLANG_WARN_DEPRECATED_OBJC_IMPLEMENTATIONS = YES;
				CLANG_WARN_DIRECT_OBJC_ISA_USAGE = YES_ERROR;
				CLANG_WARN_DOCUMENTATION_COMMENTS = YES;
				CLANG_WARN_EMPTY_BODY = YES;
				CLANG_WARN_ENUM_CONVERSION = YES;
				CLANG_WARN_INFINITE_RECURSION = YES;
				CLANG_WARN_INT_CONVERSION = YES;
				CLANG_WARN_NON_LITERAL_NULL_CONVERSION = YES;
				CLANG_WARN_OBJC_IMPLICIT_RETAIN_SELF = YES;
				CLANG_WARN_OBJC_LITERAL_CONVERSION = YES;
				CLANG_WARN_OBJC_ROOT_CLASS = YES_ERROR;
				CLANG_WARN_QUOTED_INCLUDE_IN_FRAMEWORK_HEADER = YES;
				CLANG_WARN_RANGE_LOOP_ANALYSIS = YES;
				CLANG_WARN_STRICT_PROTOTYPES = YES;
				CLANG_WARN_SUSPICIOUS_MOVE = YES;
				CLANG_WARN_UNGUARDED_AVAILABILITY = YES_AGGRESSIVE;
				CLANG_WARN_UNREACHABLE_CODE = YES;
				CLANG_WARN__DUPLICATE_METHOD_MATCH = YES;
				COPY_PHASE_STRIP = NO;
				DEBUG_INFORMATION_FORMAT = dwarf;
				ENABLE_STRICT_OBJC_MSGSEND = YES;
				ENABLE_TESTABILITY = YES;
				ENABLE_USER_SCRIPT_SANDBOXING = YES;
				GCC_C_LANGUAGE_STANDARD = gnu17;
				GCC_DYNAMIC_NO_PIC = NO;
				GCC_NO_COMMON_BLOCKS = YES;
				GCC_OPTIMIZATION_LEVEL = 0;
				GCC_PREPROCESSOR_DEFINITIONS = (
					"DEBUG=1",
					"$(inherited)",
				);
				GCC_WARN_64_TO_32_BIT_CONVERSION = YES;
				GCC_WARN_ABOUT_RETURN_TYPE = YES_ERROR;
				GCC_WARN_UNDECLARED_SELECTOR = YES;
				GCC_WARN_UNINITIALIZED_AUTOS = YES_AGGRESSIVE;
				GCC_WARN_UNUSED_FUNCTION = YES;
				GCC_WARN_UNUSED_VARIABLE = YES;
				IPHONEOS_DEPLOYMENT_TARGET = 17.5;
				LOCALIZATION_PREFERS_STRING_CATALOGS = YES;
				MTL_ENABLE_DEBUG_INFO = INCLUDE_SOURCE;
				MTL_FAST_MATH = YES;
				ONLY_ACTIVE_ARCH = YES;
				SDKROOT = iphoneos;
				SWIFT_ACTIVE_COMPILATION_CONDITIONS = "DEBUG $(inherited)";
				SWIFT_OPTIMIZATION_LEVEL = "-Onone";
			};
			name = Debug;
		};
		A27926E12C51373E009BA334 /* Release */ = {
			isa = XCBuildConfiguration;
			buildSettings = {
				ALWAYS_SEARCH_USER_PATHS = NO;
				ASSETCATALOG_COMPILER_GENERATE_SWIFT_ASSET_SYMBOL_EXTENSIONS = YES;
				CLANG_ANALYZER_NONNULL = YES;
				CLANG_ANALYZER_NUMBER_OBJECT_CONVERSION = YES_AGGRESSIVE;
				CLANG_CXX_LANGUAGE_STANDARD = "gnu++20";
				CLANG_ENABLE_MODULES = YES;
				CLANG_ENABLE_OBJC_ARC = YES;
				CLANG_ENABLE_OBJC_WEAK = YES;
				CLANG_WARN_BLOCK_CAPTURE_AUTORELEASING = YES;
				CLANG_WARN_BOOL_CONVERSION = YES;
				CLANG_WARN_COMMA = YES;
				CLANG_WARN_CONSTANT_CONVERSION = YES;
				CLANG_WARN_DEPRECATED_OBJC_IMPLEMENTATIONS = YES;
				CLANG_WARN_DIRECT_OBJC_ISA_USAGE = YES_ERROR;
				CLANG_WARN_DOCUMENTATION_COMMENTS = YES;
				CLANG_WARN_EMPTY_BODY = YES;
				CLANG_WARN_ENUM_CONVERSION = YES;
				CLANG_WARN_INFINITE_RECURSION = YES;
				CLANG_WARN_INT_CONVERSION = YES;
				CLANG_WARN_NON_LITERAL_NULL_CONVERSION = YES;
				CLANG_WARN_OBJC_IMPLICIT_RETAIN_SELF = YES;
				CLANG_WARN_OBJC_LITERAL_CONVERSION = YES;
				CLANG_WARN_OBJC_ROOT_CLASS = YES_ERROR;
				CLANG_WARN_QUOTED_INCLUDE_IN_FRAMEWORK_HEADER = YES;
				CLANG_WARN_RANGE_LOOP_ANALYSIS = YES;
				CLANG_WARN_STRICT_PROTOTYPES = YES;
				CLANG_WARN_SUSPICIOUS_MOVE = YES;
				CLANG_WARN_UNGUARDED_AVAILABILITY = YES_AGGRESSIVE;
				CLANG_WARN_UNREACHABLE_CODE = YES;
				CLANG_WARN__DUPLICATE_METHOD_MATCH = YES;
				COPY_PHASE_STRIP = NO;
				DEBUG_INFORMATION_FORMAT = "dwarf-with-dsym";
				ENABLE_NS_ASSERTIONS = NO;
				ENABLE_STRICT_OBJC_MSGSEND = YES;
				ENABLE_USER_SCRIPT_SANDBOXING = YES;
				GCC_C_LANGUAGE_STANDARD = gnu17;
				GCC_NO_COMMON_BLOCKS = YES;
				GCC_WARN_64_TO_32_BIT_CONVERSION = YES;
				GCC_WARN_ABOUT_RETURN_TYPE = YES_ERROR;
				GCC_WARN_UNDECLARED_SELECTOR = YES;
				GCC_WARN_UNINITIALIZED_AUTOS = YES_AGGRESSIVE;
				GCC_WARN_UNUSED_FUNCTION = YES;
				GCC_WARN_UNUSED_VARIABLE = YES;
				IPHONEOS_DEPLOYMENT_TARGET = 17.5;
				LOCALIZATION_PREFERS_STRING_CATALOGS = YES;
				MTL_ENABLE_DEBUG_INFO = NO;
				MTL_FAST_MATH = YES;
				SDKROOT = iphoneos;
				SWIFT_COMPILATION_MODE = wholemodule;
				VALIDATE_PRODUCT = YES;
			};
			name = Release;
		};
		A27926E32C51373E009BA334 /* Debug */ = {
			isa = XCBuildConfiguration;
			buildSettings = {
				ASSETCATALOG_COMPILER_APPICON_NAME = AppIcon;
				ASSETCATALOG_COMPILER_GLOBAL_ACCENT_COLOR_NAME = AccentColor;
				CODE_SIGN_STYLE = Automatic;
				CURRENT_PROJECT_VERSION = 1;
				DEVELOPMENT_TEAM = F75Y2M3DZF;
				GENERATE_INFOPLIST_FILE = YES;
				INFOPLIST_FILE = PhotoResizer/App/Info.plist;
				INFOPLIST_KEY_UIApplicationSupportsIndirectInputEvents = YES;
				INFOPLIST_KEY_UILaunchStoryboardName = LaunchScreen;
				INFOPLIST_KEY_UIMainStoryboardFile = Main;
				INFOPLIST_KEY_UISupportedInterfaceOrientations = UIInterfaceOrientationPortrait;
				INFOPLIST_KEY_UISupportedInterfaceOrientations_iPad = "UIInterfaceOrientationLandscapeLeft UIInterfaceOrientationLandscapeRight";
				IPHONEOS_DEPLOYMENT_TARGET = 16.0;
				LD_RUNPATH_SEARCH_PATHS = (
					"$(inherited)",
					"@executable_path/Frameworks",
				);
				MARKETING_VERSION = 1.0;
				PRODUCT_BUNDLE_IDENTIFIER = com.AE.PhotoResizer;
				PRODUCT_NAME = "$(TARGET_NAME)";
				SUPPORTED_PLATFORMS = "iphoneos iphonesimulator";
				SUPPORTS_MACCATALYST = NO;
				SWIFT_EMIT_LOC_STRINGS = YES;
				SWIFT_VERSION = 5.0;
				TARGETED_DEVICE_FAMILY = 1;
			};
			name = Debug;
		};
		A27926E42C51373E009BA334 /* Release */ = {
			isa = XCBuildConfiguration;
			buildSettings = {
				ASSETCATALOG_COMPILER_APPICON_NAME = AppIcon;
				ASSETCATALOG_COMPILER_GLOBAL_ACCENT_COLOR_NAME = AccentColor;
				CODE_SIGN_STYLE = Automatic;
				CURRENT_PROJECT_VERSION = 1;
				DEVELOPMENT_TEAM = F75Y2M3DZF;
				GENERATE_INFOPLIST_FILE = YES;
				INFOPLIST_FILE = PhotoResizer/App/Info.plist;
				INFOPLIST_KEY_UIApplicationSupportsIndirectInputEvents = YES;
				INFOPLIST_KEY_UILaunchStoryboardName = LaunchScreen;
				INFOPLIST_KEY_UIMainStoryboardFile = Main;
				INFOPLIST_KEY_UISupportedInterfaceOrientations = UIInterfaceOrientationPortrait;
				INFOPLIST_KEY_UISupportedInterfaceOrientations_iPad = "UIInterfaceOrientationLandscapeLeft UIInterfaceOrientationLandscapeRight";
				IPHONEOS_DEPLOYMENT_TARGET = 16.0;
				LD_RUNPATH_SEARCH_PATHS = (
					"$(inherited)",
					"@executable_path/Frameworks",
				);
				MARKETING_VERSION = 1.0;
				PRODUCT_BUNDLE_IDENTIFIER = com.AE.PhotoResizer;
				PRODUCT_NAME = "$(TARGET_NAME)";
				SUPPORTED_PLATFORMS = "iphoneos iphonesimulator";
				SUPPORTS_MACCATALYST = NO;
				SWIFT_EMIT_LOC_STRINGS = YES;
				SWIFT_VERSION = 5.0;
				TARGETED_DEVICE_FAMILY = 1;
			};
			name = Release;
		};
/* End XCBuildConfiguration section */

/* Begin XCConfigurationList section */
		A27926C92C51373C009BA334 /* Build configuration list for PBXProject "PhotoResizer" */ = {
			isa = XCConfigurationList;
			buildConfigurations = (
				A27926E02C51373E009BA334 /* Debug */,
				A27926E12C51373E009BA334 /* Release */,
			);
			defaultConfigurationIsVisible = 0;
			defaultConfigurationName = Release;
		};
		A27926E22C51373E009BA334 /* Build configuration list for PBXNativeTarget "PhotoResizer" */ = {
			isa = XCConfigurationList;
			buildConfigurations = (
				A27926E32C51373E009BA334 /* Debug */,
				A27926E42C51373E009BA334 /* Release */,
			);
			defaultConfigurationIsVisible = 0;
			defaultConfigurationName = Release;
		};
/* End XCConfigurationList section */
	};
	rootObject = A27926C62C51373C009BA334 /* Project object */;
}
